
Microsoft Visual Studio Solution File, Format Version 12.00
# Visual Studio Version 17
VisualStudioVersion = 17.0.32014.148
MinimumVisualStudioVersion = 10.0.40219.1
Project("{FAE04EC0-301F-11D3-BF4B-00C04F79EFBC}") = "eCommerce", "eCommerce.csproj", "{276EE647-AF83-41CC-97AD-69C1F599F964}"
EndProject
Global
	GlobalSection(SolutionConfigurationPlatforms) = preSolution
		Debug|Any CPU = Debug|Any CPU
		Release|Any CPU = Release|Any CPU
	EndGlobalSection
	GlobalSection(ProjectConfigurationPlatforms) = postSolution
		{276EE647-AF83-41CC-97AD-69C1F599F964}.Debug|Any CPU.ActiveCfg = Debug|Any CPU
		{276EE647-AF83-41CC-97AD-69C1F599F964}.Debug|Any CPU.Build.0 = Debug|Any CPU
		{276EE647-AF83-41CC-97AD-69C1F599F964}.Release|Any CPU.ActiveCfg = Release|Any CPU
		{276EE647-AF83-41CC-97AD-69C1F599F964}.Release|Any CPU.Build.0 = Release|Any CPU
	EndGlobalSection
	GlobalSection(SolutionProperties) = preSolution
		HideSolutionNode = FALSE
	EndGlobalSection
	GlobalSection(ExtensibilityGlobals) = postSolution
		SolutionGuid = {84BB568B-FBF6-4ECC-818A-E5D364D4EE74}
	EndGlobalSection
EndGlobal
